
Microsoft Visual Studio Solution File, Format Version 12.00
# Visual Studio Version 17
VisualStudioVersion = 17.14.37516.0 d17.14
MinimumVisualStudioVersion = 10.0.40219.1
Project("{FAE04EC0-301F-11D3-BF4B-00C04F79EFBC}") = "Library-management-system", "Library-management-system\Library-management-system.csproj", "{566AA9E6-CB2A-4DC0-A95E-75DE166B82DD}"
EndProject
Global
	GlobalSection(SolutionConfigurationPlatforms) = preSolution
		Debug|Any CPU = Debug|Any CPU
		Release|Any CPU = Release|Any CPU
	EndGlobalSection
	GlobalSection(ProjectConfigurationPlatforms) = postSolution
		{566AA9E6-CB2A-4DC0-A95E-75DE166B82DD}.Debug|Any CPU.ActiveCfg = Debug|Any CPU
		{566AA9E6-CB2A-4DC0-A95E-75DE166B82DD}.Debug|Any CPU.Build.0 = Debug|Any CPU
		{566AA9E6-CB2A-4DC0-A95E-75DE166B82DD}.Release|Any CPU.ActiveCfg = Release|Any CPU
		{566AA9E6-CB2A-4DC0-A95E-75DE166B82DD}.Release|Any CPU.Build.0 = Release|Any CPU
	EndGlobalSection
	GlobalSection(SolutionProperties) = preSolution
		HideSolutionNode = FALSE
	EndGlobalSection
	GlobalSection(ExtensibilityGlobals) = postSolution
		SolutionGuid = {F02AF802-DE11-4C5F-B1D3-76B8FD292E3A}
	EndGlobalSection
EndGlobal
